
Microsoft Visual Studio Solution File, Format Version 12.00
Project("{FAE04EC0-301F-11D3-BF4B-00C04F79EFBC}") = "PhoenixSql", "PhoenixSql\PhoenixSql.csproj", "{301ECACC-DBCC-486E-8968-151607EE60F3}"
EndProject
Project("{FAE04EC0-301F-11D3-BF4B-00C04F79EFBC}") = "PhoenixSql.Sample", "PhoenixSql.Sample\PhoenixSql.Sample.csproj", "{1EED7EB9-39E0-435E-B9D8-E12789493996}"
EndProject
Global
	GlobalSection(SolutionConfigurationPlatforms) = preSolution
		Debug|Any CPU = Debug|Any CPU
		Release|Any CPU = Release|Any CPU
	EndGlobalSection
	GlobalSection(ProjectConfigurationPlatforms) = postSolution
		{301ECACC-DBCC-486E-8968-151607EE60F3}.Debug|Any CPU.ActiveCfg = Debug|Any CPU
		{301ECACC-DBCC-486E-8968-151607EE60F3}.Debug|Any CPU.Build.0 = Debug|Any CPU
		{301ECACC-DBCC-486E-8968-151607EE60F3}.Release|Any CPU.ActiveCfg = Release|Any CPU
		{301ECACC-DBCC-486E-8968-151607EE60F3}.Release|Any CPU.Build.0 = Release|Any CPU
		{1EED7EB9-39E0-435E-B9D8-E12789493996}.Debug|Any CPU.ActiveCfg = Debug|Any CPU
		{1EED7EB9-39E0-435E-B9D8-E12789493996}.Debug|Any CPU.Build.0 = Debug|Any CPU
		{1EED7EB9-39E0-435E-B9D8-E12789493996}.Release|Any CPU.ActiveCfg = Release|Any CPU
		{1EED7EB9-39E0-435E-B9D8-E12789493996}.Release|Any CPU.Build.0 = Release|Any CPU
	EndGlobalSection
EndGlobal
